// !$*UTF8*$!
{
	archiveVersion = 1;
	classes = {
	};
	objectVersion = 46;
	objects = {

/* Begin PBXBuildFile section */
		2DA7786C1B179BCE00731AFD /* AppDelegate.swift in Sources */ = {isa = PBXBuildFile; fileRef = 2DA7786B1B179BCE00731AFD /* AppDelegate.swift */; };
		2DA7786E1B179BCE00731AFD /* ViewController.swift in Sources */ = {isa = PBXBuildFile; fileRef = 2DA7786D1B179BCE00731AFD /* ViewController.swift */; };
		2DA778711B179BCF00731AFD /* Main.storyboard in Resources */ = {isa = PBXBuildFile; fileRef = 2DA7786F1B179BCF00731AFD /* Main.storyboard */; };
		2DA778731B179BCF00731AFD /* Images.xcassets in Resources */ = {isa = PBXBuildFile; fileRef = 2DA778721B179BCF00731AFD /* Images.xcassets */; };
		2DA778761B179BCF00731AFD /* LaunchScreen.xib in Resources */ = {isa = PBXBuildFile; fileRef = 2DA778741B179BCF00731AFD /* LaunchScreen.xib */; };
		2DA778821B179BCF00731AFD /* iAsyncUtilsTests.swift in Sources */ = {isa = PBXBuildFile; fileRef = 2DA778811B179BCF00731AFD /* iAsyncUtilsTests.swift */; };
		2DA778CE1B179F3700731AFD /* HashableArray.swift in Sources */ = {isa = PBXBuildFile; fileRef = 2DA778901B179F3700731AFD /* HashableArray.swift */; };
		2DA778CF1B179F3700731AFD /* NSArray+BlocksAdditions.swift in Sources */ = {isa = PBXBuildFile; fileRef = 2DA778911B179F3700731AFD /* NSArray+BlocksAdditions.swift */; };
		2DA778D01B179F3700731AFD /* NSArray+NoThrowObjectAtIndex.swift in Sources */ = {isa = PBXBuildFile; fileRef = 2DA778921B179F3700731AFD /* NSArray+NoThrowObjectAtIndex.swift */; };
		2DA778D11B179F3700731AFD /* JContainersHelperBlocks.swift in Sources */ = {isa = PBXBuildFile; fileRef = 2DA778941B179F3700731AFD /* JContainersHelperBlocks.swift */; };
		2DA778D21B179F3700731AFD /* JOnDeallocBlockOwner.swift in Sources */ = {isa = PBXBuildFile; fileRef = 2DA778951B179F3700731AFD /* JOnDeallocBlockOwner.swift */; };
		2DA778D31B179F3700731AFD /* JSimpleBlockHolder.swift in Sources */ = {isa = PBXBuildFile; fileRef = 2DA778961B179F3700731AFD /* JSimpleBlockHolder.swift */; };
		2DA778D41B179F3700731AFD /* JUtilsBlockDefinitions.swift in Sources */ = {isa = PBXBuildFile; fileRef = 2DA778971B179F3700731AFD /* JUtilsBlockDefinitions.swift */; };
		2DA778D51B179F3700731AFD /* JAssignObjectHolder.swift in Sources */ = {isa = PBXBuildFile; fileRef = 2DA778991B179F3700731AFD /* JAssignObjectHolder.swift */; };
		2DA778D61B179F3700731AFD /* Dictionary+BlocksAdditions.swift in Sources */ = {isa = PBXBuildFile; fileRef = 2DA7789B1B179F3700731AFD /* Dictionary+BlocksAdditions.swift */; };
		2DA778D71B179F3700731AFD /* HashableDictionary.swift in Sources */ = {isa = PBXBuildFile; fileRef = 2DA7789C1B179F3700731AFD /* HashableDictionary.swift */; };
		2DA778D81B179F3700731AFD /* JUDictionaryHelperBlocks.swift in Sources */ = {isa = PBXBuildFile; fileRef = 2DA7789D1B179F3700731AFD /* JUDictionaryHelperBlocks.swift */; };
		2DA778D91B179F3700731AFD /* NSDictionary+BlocksAdditions.swift in Sources */ = {isa = PBXBuildFile; fileRef = 2DA7789E1B179F3700731AFD /* NSDictionary+BlocksAdditions.swift */; };
		2DA778DA1B179F3700731AFD /* NSDictionary+JExtendedDictionary.swift in Sources */ = {isa = PBXBuildFile; fileRef = 2DA7789F1B179F3700731AFD /* NSDictionary+JExtendedDictionary.swift */; };
		2DA778DB1B179F3700731AFD /* JError.swift in Sources */ = {isa = PBXBuildFile; fileRef = 2DA778A11B179F3700731AFD /* JError.swift */; };
		2DA778DC1B179F3700731AFD /* JSilentError.swift in Sources */ = {isa = PBXBuildFile; fileRef = 2DA778A21B179F3700731AFD /* JSilentError.swift */; };
		2DA778DD1B179F3700731AFD /* NSError+WriteErrorToNSLog.swift in Sources */ = {isa = PBXBuildFile; fileRef = 2DA778A31B179F3700731AFD /* NSError+WriteErrorToNSLog.swift */; };
		2DA778DE1B179F3700731AFD /* NSData+ToString.swift in Sources */ = {isa = PBXBuildFile; fileRef = 2DA778A51B179F3700731AFD /* NSData+ToString.swift */; };
		2DA778DF1B179F3700731AFD /* NSLocale+CurrentInterfaceLanguageCode.swift in Sources */ = {isa = PBXBuildFile; fileRef = 2DA778A61B179F3700731AFD /* NSLocale+CurrentInterfaceLanguageCode.swift */; };
		2DA778E01B179F3700731AFD /* NSNumber+FSStorable.swift in Sources */ = {isa = PBXBuildFile; fileRef = 2DA778A71B179F3700731AFD /* NSNumber+FSStorable.swift */; };
		2DA778E11B179F3700731AFD /* JGCDAdditions.swift in Sources */ = {isa = PBXBuildFile; fileRef = 2DA778A81B179F3700731AFD /* JGCDAdditions.swift */; };
		2DA778E21B179F3700731AFD /* JHelpers.swift in Sources */ = {isa = PBXBuildFile; fileRef = 2DA778A91B179F3700731AFD /* JHelpers.swift */; };
		2DA778E31B179F3700731AFD /* JMutableAssignArray.swift in Sources */ = {isa = PBXBuildFile; fileRef = 2DA778AA1B179F3700731AFD /* JMutableAssignArray.swift */; };
		2DA778E41B179F3700731AFD /* JMutableAssignDictionary.swift in Sources */ = {isa = PBXBuildFile; fileRef = 2DA778AB1B179F3700731AFD /* JMutableAssignDictionary.swift */; };
		2DA778E51B179F3700731AFD /* JResult.swift in Sources */ = {isa = PBXBuildFile; fileRef = 2DA778AC1B179F3700731AFD /* JResult.swift */; };
		2DA778E61B179F3700731AFD /* JTimer.swift in Sources */ = {isa = PBXBuildFile; fileRef = 2DA778AD1B179F3700731AFD /* JTimer.swift */; };
		2DA778E71B179F3700731AFD /* JLogger.swift in Sources */ = {isa = PBXBuildFile; fileRef = 2DA778AF1B179F3700731AFD /* JLogger.swift */; };
		2DA778E81B179F3700731AFD /* NSDate+Utils.swift in Sources */ = {isa = PBXBuildFile; fileRef = 2DA778B11B179F3700731AFD /* NSDate+Utils.swift */; };
		2DA778E91B179F3700731AFD /* NSObject+NsNullAsNil.swift in Sources */ = {isa = PBXBuildFile; fileRef = 2DA778B31B179F3700731AFD /* NSObject+NsNullAsNil.swift */; };
		2DA778EA1B179F3700731AFD /* NSObject+OnDeallocBlock.swift in Sources */ = {isa = PBXBuildFile; fileRef = 2DA778B41B179F3700731AFD /* NSObject+OnDeallocBlock.swift */; };
		2DA778EB1B179F3700731AFD /* NSObject+Ownerships.swift in Sources */ = {isa = PBXBuildFile; fileRef = 2DA778B51B179F3700731AFD /* NSObject+Ownerships.swift */; };
		2DA778EC1B179F3700731AFD /* NSObject+ToURL.swift in Sources */ = {isa = PBXBuildFile; fileRef = 2DA778B61B179F3700731AFD /* NSObject+ToURL.swift */; };
		2DA778ED1B179F3700731AFD /* JObjcMutableAssignArray.swift in Sources */ = {isa = PBXBuildFile; fileRef = 2DA778B81B179F3700731AFD /* JObjcMutableAssignArray.swift */; };
		2DA778EE1B179F3700731AFD /* JObjcMutableAssignDictionary.swift in Sources */ = {isa = PBXBuildFile; fileRef = 2DA778B91B179F3700731AFD /* JObjcMutableAssignDictionary.swift */; };
		2DA778EF1B179F3700731AFD /* JObjcUtilsBlockDefinitions.swift in Sources */ = {isa = PBXBuildFile; fileRef = 2DA778BA1B179F3700731AFD /* JObjcUtilsBlockDefinitions.swift */; };
		2DA778F01B179F3700731AFD /* NSOrderedSet+BlocksAdditions.swift in Sources */ = {isa = PBXBuildFile; fileRef = 2DA778BC1B179F3700731AFD /* NSOrderedSet+BlocksAdditions.swift */; };
		2DA778F11B179F3700731AFD /* NSOrderedSet+NoThrowObjectAtIndex.swift in Sources */ = {isa = PBXBuildFile; fileRef = 2DA778BD1B179F3700731AFD /* NSOrderedSet+NoThrowObjectAtIndex.swift */; };
		2DA778F21B179F3700731AFD /* JRegex.swift in Sources */ = {isa = PBXBuildFile; fileRef = 2DA778BF1B179F3700731AFD /* JRegex.swift */; };
		2DA778F31B179F3700731AFD /* SequenceType+Extensions.swift in Sources */ = {isa = PBXBuildFile; fileRef = 2DA778C01B179F3700731AFD /* SequenceType+Extensions.swift */; };
		2DA778F41B179F3700731AFD /* NSMutableSet+StorableSet.swift in Sources */ = {isa = PBXBuildFile; fileRef = 2DA778C21B179F3700731AFD /* NSMutableSet+StorableSet.swift */; };
		2DA778F51B179F3700731AFD /* NSSet+BlocksAdditions.swift in Sources */ = {isa = PBXBuildFile; fileRef = 2DA778C31B179F3700731AFD /* NSSet+BlocksAdditions.swift */; };
		2DA778F61B179F3700731AFD /* NSString+FileAttributes.swift in Sources */ = {isa = PBXBuildFile; fileRef = 2DA778C51B179F3700731AFD /* NSString+FileAttributes.swift */; };
		2DA778F71B179F3700731AFD /* NSString+IsEmailValid.swift in Sources */ = {isa = PBXBuildFile; fileRef = 2DA778C61B179F3700731AFD /* NSString+IsEmailValid.swift */; };
		2DA778F81B179F3700731AFD /* NSString+LocalizedPrice.swift in Sources */ = {isa = PBXBuildFile; fileRef = 2DA778C71B179F3700731AFD /* NSString+LocalizedPrice.swift */; };
		2DA778F91B179F3700731AFD /* NSString+PathExtensions.swift in Sources */ = {isa = PBXBuildFile; fileRef = 2DA778C81B179F3700731AFD /* NSString+PathExtensions.swift */; };
		2DA778FA1B179F3700731AFD /* NSString+PropertyName.swift in Sources */ = {isa = PBXBuildFile; fileRef = 2DA778C91B179F3700731AFD /* NSString+PropertyName.swift */; };
		2DA778FB1B179F3700731AFD /* NSString+Search.swift in Sources */ = {isa = PBXBuildFile; fileRef = 2DA778CA1B179F3700731AFD /* NSString+Search.swift */; };
		2DA778FC1B179F3700731AFD /* NSString+Trimm.swift in Sources */ = {isa = PBXBuildFile; fileRef = 2DA778CB1B179F3700731AFD /* NSString+Trimm.swift */; };
		2DA778FD1B179F3700731AFD /* String+toDouble.swift in Sources */ = {isa = PBXBuildFile; fileRef = 2DA778CC1B179F3700731AFD /* String+toDouble.swift */; };
		2DA778FE1B179F3700731AFD /* String+toURL.swift in Sources */ = {isa = PBXBuildFile; fileRef = 2DA778CD1B179F3700731AFD /* String+toURL.swift */; };
		2DA779041B179F9500731AFD /* iAsyncUtils-Bridging-Impl.m in Sources */ = {isa = PBXBuildFile; fileRef = 2DA779031B179F9500731AFD /* iAsyncUtils-Bridging-Impl.m */; };
/* End PBXBuildFile section */

/* Begin PBXContainerItemProxy section */
		2DA7787C1B179BCF00731AFD /* PBXContainerItemProxy */ = {
			isa = PBXContainerItemProxy;
			containerPortal = 2DA7785E1B179BCE00731AFD /* Project object */;
			proxyType = 1;
			remoteGlobalIDString = 2DA778651B179BCE00731AFD;
			remoteInfo = iAsyncUtils;
		};
/* End PBXContainerItemProxy section */

/* Begin PBXFileReference section */
		2DA778661B179BCE00731AFD /* iAsyncUtils.app */ = {isa = PBXFileReference; explicitFileType = wrapper.application; includeInIndex = 0; path = iAsyncUtils.app; sourceTree = BUILT_PRODUCTS_DIR; };
		2DA7786A1B179BCE00731AFD /* Info.plist */ = {isa = PBXFileReference; lastKnownFileType = text.plist.xml; path = Info.plist; sourceTree = "<group>"; };
		2DA7786B1B179BCE00731AFD /* AppDelegate.swift */ = {isa = PBXFileReference; lastKnownFileType = sourcecode.swift; path = AppDelegate.swift; sourceTree = "<group>"; };
		2DA7786D1B179BCE00731AFD /* ViewController.swift */ = {isa = PBXFileReference; lastKnownFileType = sourcecode.swift; path = ViewController.swift; sourceTree = "<group>"; };
		2DA778701B179BCF00731AFD /* Base */ = {isa = PBXFileReference; lastKnownFileType = file.storyboard; name = Base; path = Base.lproj/Main.storyboard; sourceTree = "<group>"; };
		2DA778721B179BCF00731AFD /* Images.xcassets */ = {isa = PBXFileReference; lastKnownFileType = folder.assetcatalog; path = Images.xcassets; sourceTree = "<group>"; };
		2DA778751B179BCF00731AFD /* Base */ = {isa = PBXFileReference; lastKnownFileType = file.xib; name = Base; path = Base.lproj/LaunchScreen.xib; sourceTree = "<group>"; };
		2DA7787B1B179BCF00731AFD /* iAsyncUtilsTests.xctest */ = {isa = PBXFileReference; explicitFileType = wrapper.cfbundle; includeInIndex = 0; path = iAsyncUtilsTests.xctest; sourceTree = BUILT_PRODUCTS_DIR; };
		2DA778801B179BCF00731AFD /* Info.plist */ = {isa = PBXFileReference; lastKnownFileType = text.plist.xml; path = Info.plist; sourceTree = "<group>"; };
		2DA778811B179BCF00731AFD /* iAsyncUtilsTests.swift */ = {isa = PBXFileReference; lastKnownFileType = sourcecode.swift; path = iAsyncUtilsTests.swift; sourceTree = "<group>"; };
		2DA7788B1B179C4700731AFD /* iAsync.utils.podspec */ = {isa = PBXFileReference; fileEncoding = 4; lastKnownFileType = text; path = iAsync.utils.podspec; sourceTree = "<group>"; };
		2DA778901B179F3700731AFD /* HashableArray.swift */ = {isa = PBXFileReference; fileEncoding = 4; lastKnownFileType = sourcecode.swift; path = HashableArray.swift; sourceTree = "<group>"; };
		2DA778911B179F3700731AFD /* NSArray+BlocksAdditions.swift */ = {isa = PBXFileReference; fileEncoding = 4; lastKnownFileType = sourcecode.swift; path = "NSArray+BlocksAdditions.swift"; sourceTree = "<group>"; };
		2DA778921B179F3700731AFD /* NSArray+NoThrowObjectAtIndex.swift */ = {isa = PBXFileReference; fileEncoding = 4; lastKnownFileType = sourcecode.swift; path = "NSArray+NoThrowObjectAtIndex.swift"; sourceTree = "<group>"; };
		2DA778941B179F3700731AFD /* JContainersHelperBlocks.swift */ = {isa = PBXFileReference; fileEncoding = 4; lastKnownFileType = sourcecode.swift; path = JContainersHelperBlocks.swift; sourceTree = "<group>"; };
		2DA778951B179F3700731AFD /* JOnDeallocBlockOwner.swift */ = {isa = PBXFileReference; fileEncoding = 4; lastKnownFileType = sourcecode.swift; path = JOnDeallocBlockOwner.swift; sourceTree = "<group>"; };
		2DA778961B179F3700731AFD /* JSimpleBlockHolder.swift */ = {isa = PBXFileReference; fileEncoding = 4; lastKnownFileType = sourcecode.swift; path = JSimpleBlockHolder.swift; sourceTree = "<group>"; };
		2DA778971B179F3700731AFD /* JUtilsBlockDefinitions.swift */ = {isa = PBXFileReference; fileEncoding = 4; lastKnownFileType = sourcecode.swift; path = JUtilsBlockDefinitions.swift; sourceTree = "<group>"; };
		2DA778991B179F3700731AFD /* JAssignObjectHolder.swift */ = {isa = PBXFileReference; fileEncoding = 4; lastKnownFileType = sourcecode.swift; path = JAssignObjectHolder.swift; sourceTree = "<group>"; };
		2DA7789B1B179F3700731AFD /* Dictionary+BlocksAdditions.swift */ = {isa = PBXFileReference; fileEncoding = 4; lastKnownFileType = sourcecode.swift; path = "Dictionary+BlocksAdditions.swift"; sourceTree = "<group>"; };
		2DA7789C1B179F3700731AFD /* HashableDictionary.swift */ = {isa = PBXFileReference; fileEncoding = 4; lastKnownFileType = sourcecode.swift; path = HashableDictionary.swift; sourceTree = "<group>"; };
		2DA7789D1B179F3700731AFD /* JUDictionaryHelperBlocks.swift */ = {isa = PBXFileReference; fileEncoding = 4; lastKnownFileType = sourcecode.swift; path = JUDictionaryHelperBlocks.swift; sourceTree = "<group>"; };
		2DA7789E1B179F3700731AFD /* NSDictionary+BlocksAdditions.swift */ = {isa = PBXFileReference; fileEncoding = 4; lastKnownFileType = sourcecode.swift; path = "NSDictionary+BlocksAdditions.swift"; sourceTree = "<group>"; };
		2DA7789F1B179F3700731AFD /* NSDictionary+JExtendedDictionary.swift */ = {isa = PBXFileReference; fileEncoding = 4; lastKnownFileType = sourcecode.swift; path = "NSDictionary+JExtendedDictionary.swift"; sourceTree = "<group>"; };
		2DA778A11B179F3700731AFD /* JError.swift */ = {isa = PBXFileReference; fileEncoding = 4; lastKnownFileType = sourcecode.swift; path = JError.swift; sourceTree = "<group>"; };
		2DA778A21B179F3700731AFD /* JSilentError.swift */ = {isa = PBXFileReference; fileEncoding = 4; lastKnownFileType = sourcecode.swift; path = JSilentError.swift; sourceTree = "<group>"; };
		2DA778A31B179F3700731AFD /* NSError+WriteErrorToNSLog.swift */ = {isa = PBXFileReference; fileEncoding = 4; lastKnownFileType = sourcecode.swift; path = "NSError+WriteErrorToNSLog.swift"; sourceTree = "<group>"; };
		2DA778A51B179F3700731AFD /* NSData+ToString.swift */ = {isa = PBXFileReference; fileEncoding = 4; lastKnownFileType = sourcecode.swift; path = "NSData+ToString.swift"; sourceTree = "<group>"; };
		2DA778A61B179F3700731AFD /* NSLocale+CurrentInterfaceLanguageCode.swift */ = {isa = PBXFileReference; fileEncoding = 4; lastKnownFileType = sourcecode.swift; path = "NSLocale+CurrentInterfaceLanguageCode.swift"; sourceTree = "<group>"; };
		2DA778A71B179F3700731AFD /* NSNumber+FSStorable.swift */ = {isa = PBXFileReference; fileEncoding = 4; lastKnownFileType = sourcecode.swift; path = "NSNumber+FSStorable.swift"; sourceTree = "<group>"; };
		2DA778A81B179F3700731AFD /* JGCDAdditions.swift */ = {isa = PBXFileReference; fileEncoding = 4; lastKnownFileType = sourcecode.swift; path = JGCDAdditions.swift; sourceTree = "<group>"; };
		2DA778A91B179F3700731AFD /* JHelpers.swift */ = {isa = PBXFileReference; fileEncoding = 4; lastKnownFileType = sourcecode.swift; path = JHelpers.swift; sourceTree = "<group>"; };
		2DA778AA1B179F3700731AFD /* JMutableAssignArray.swift */ = {isa = PBXFileReference; fileEncoding = 4; lastKnownFileType = sourcecode.swift; path = JMutableAssignArray.swift; sourceTree = "<group>"; };
		2DA778AB1B179F3700731AFD /* JMutableAssignDictionary.swift */ = {isa = PBXFileReference; fileEncoding = 4; lastKnownFileType = sourcecode.swift; path = JMutableAssignDictionary.swift; sourceTree = "<group>"; };
		2DA778AC1B179F3700731AFD /* JResult.swift */ = {isa = PBXFileReference; fileEncoding = 4; lastKnownFileType = sourcecode.swift; path = JResult.swift; sourceTree = "<group>"; };
		2DA778AD1B179F3700731AFD /* JTimer.swift */ = {isa = PBXFileReference; fileEncoding = 4; lastKnownFileType = sourcecode.swift; path = JTimer.swift; sourceTree = "<group>"; };
		2DA778AF1B179F3700731AFD /* JLogger.swift */ = {isa = PBXFileReference; fileEncoding = 4; lastKnownFileType = sourcecode.swift; path = JLogger.swift; sourceTree = "<group>"; };
		2DA778B11B179F3700731AFD /* NSDate+Utils.swift */ = {isa = PBXFileReference; fileEncoding = 4; lastKnownFileType = sourcecode.swift; path = "NSDate+Utils.swift"; sourceTree = "<group>"; };
		2DA778B31B179F3700731AFD /* NSObject+NsNullAsNil.swift */ = {isa = PBXFileReference; fileEncoding = 4; lastKnownFileType = sourcecode.swift; path = "NSObject+NsNullAsNil.swift"; sourceTree = "<group>"; };
		2DA778B41B179F3700731AFD /* NSObject+OnDeallocBlock.swift */ = {isa = PBXFileReference; fileEncoding = 4; lastKnownFileType = sourcecode.swift; path = "NSObject+OnDeallocBlock.swift"; sourceTree = "<group>"; };
		2DA778B51B179F3700731AFD /* NSObject+Ownerships.swift */ = {isa = PBXFileReference; fileEncoding = 4; lastKnownFileType = sourcecode.swift; path = "NSObject+Ownerships.swift"; sourceTree = "<group>"; };
		2DA778B61B179F3700731AFD /* NSObject+ToURL.swift */ = {isa = PBXFileReference; fileEncoding = 4; lastKnownFileType = sourcecode.swift; path = "NSObject+ToURL.swift"; sourceTree = "<group>"; };
		2DA778B81B179F3700731AFD /* JObjcMutableAssignArray.swift */ = {isa = PBXFileReference; fileEncoding = 4; lastKnownFileType = sourcecode.swift; path = JObjcMutableAssignArray.swift; sourceTree = "<group>"; };
		2DA778B91B179F3700731AFD /* JObjcMutableAssignDictionary.swift */ = {isa = PBXFileReference; fileEncoding = 4; lastKnownFileType = sourcecode.swift; path = JObjcMutableAssignDictionary.swift; sourceTree = "<group>"; };
		2DA778BA1B179F3700731AFD /* JObjcUtilsBlockDefinitions.swift */ = {isa = PBXFileReference; fileEncoding = 4; lastKnownFileType = sourcecode.swift; path = JObjcUtilsBlockDefinitions.swift; sourceTree = "<group>"; };
		2DA778BC1B179F3700731AFD /* NSOrderedSet+BlocksAdditions.swift */ = {isa = PBXFileReference; fileEncoding = 4; lastKnownFileType = sourcecode.swift; path = "NSOrderedSet+BlocksAdditions.swift"; sourceTree = "<group>"; };
		2DA778BD1B179F3700731AFD /* NSOrderedSet+NoThrowObjectAtIndex.swift */ = {isa = PBXFileReference; fileEncoding = 4; lastKnownFileType = sourcecode.swift; path = "NSOrderedSet+NoThrowObjectAtIndex.swift"; sourceTree = "<group>"; };
		2DA778BF1B179F3700731AFD /* JRegex.swift */ = {isa = PBXFileReference; fileEncoding = 4; lastKnownFileType = sourcecode.swift; path = JRegex.swift; sourceTree = "<group>"; };
		2DA778C01B179F3700731AFD /* SequenceType+Extensions.swift */ = {isa = PBXFileReference; fileEncoding = 4; lastKnownFileType = sourcecode.swift; path = "SequenceType+Extensions.swift"; sourceTree = "<group>"; };
		2DA778C21B179F3700731AFD /* NSMutableSet+StorableSet.swift */ = {isa = PBXFileReference; fileEncoding = 4; lastKnownFileType = sourcecode.swift; path = "NSMutableSet+StorableSet.swift"; sourceTree = "<group>"; };
		2DA778C31B179F3700731AFD /* NSSet+BlocksAdditions.swift */ = {isa = PBXFileReference; fileEncoding = 4; lastKnownFileType = sourcecode.swift; path = "NSSet+BlocksAdditions.swift"; sourceTree = "<group>"; };
		2DA778C51B179F3700731AFD /* NSString+FileAttributes.swift */ = {isa = PBXFileReference; fileEncoding = 4; lastKnownFileType = sourcecode.swift; path = "NSString+FileAttributes.swift"; sourceTree = "<group>"; };
		2DA778C61B179F3700731AFD /* NSString+IsEmailValid.swift */ = {isa = PBXFileReference; fileEncoding = 4; lastKnownFileType = sourcecode.swift; path = "NSString+IsEmailValid.swift"; sourceTree = "<group>"; };
		2DA778C71B179F3700731AFD /* NSString+LocalizedPrice.swift */ = {isa = PBXFileReference; fileEncoding = 4; lastKnownFileType = sourcecode.swift; path = "NSString+LocalizedPrice.swift"; sourceTree = "<group>"; };
		2DA778C81B179F3700731AFD /* NSString+PathExtensions.swift */ = {isa = PBXFileReference; fileEncoding = 4; lastKnownFileType = sourcecode.swift; path = "NSString+PathExtensions.swift"; sourceTree = "<group>"; };
		2DA778C91B179F3700731AFD /* NSString+PropertyName.swift */ = {isa = PBXFileReference; fileEncoding = 4; lastKnownFileType = sourcecode.swift; path = "NSString+PropertyName.swift"; sourceTree = "<group>"; };
		2DA778CA1B179F3700731AFD /* NSString+Search.swift */ = {isa = PBXFileReference; fileEncoding = 4; lastKnownFileType = sourcecode.swift; path = "NSString+Search.swift"; sourceTree = "<group>"; };
		2DA778CB1B179F3700731AFD /* NSString+Trimm.swift */ = {isa = PBXFileReference; fileEncoding = 4; lastKnownFileType = sourcecode.swift; path = "NSString+Trimm.swift"; sourceTree = "<group>"; };
		2DA778CC1B179F3700731AFD /* String+toDouble.swift */ = {isa = PBXFileReference; fileEncoding = 4; lastKnownFileType = sourcecode.swift; path = "String+toDouble.swift"; sourceTree = "<group>"; };
		2DA778CD1B179F3700731AFD /* String+toURL.swift */ = {isa = PBXFileReference; fileEncoding = 4; lastKnownFileType = sourcecode.swift; path = "String+toURL.swift"; sourceTree = "<group>"; };
		2DA778FF1B179F7200731AFD /* iAsyncUtils-Bridging-Header.h */ = {isa = PBXFileReference; lastKnownFileType = sourcecode.c.h; path = "iAsyncUtils-Bridging-Header.h"; sourceTree = "<group>"; };
		2DA779031B179F9500731AFD /* iAsyncUtils-Bridging-Impl.m */ = {isa = PBXFileReference; fileEncoding = 4; lastKnownFileType = sourcecode.c.objc; path = "iAsyncUtils-Bridging-Impl.m"; sourceTree = "<group>"; };
/* End PBXFileReference section */

/* Begin PBXFrameworksBuildPhase section */
		2DA778631B179BCE00731AFD /* Frameworks */ = {
			isa = PBXFrameworksBuildPhase;
			buildActionMask = 2147483647;
			files = (
			);
			runOnlyForDeploymentPostprocessing = 0;
		};
		2DA778781B179BCF00731AFD /* Frameworks */ = {
			isa = PBXFrameworksBuildPhase;
			buildActionMask = 2147483647;
			files = (
			);
			runOnlyForDeploymentPostprocessing = 0;
		};
/* End PBXFrameworksBuildPhase section */

/* Begin PBXGroup section */
		2DA7785D1B179BCE00731AFD = {
			isa = PBXGroup;
			children = (
				2DA7788B1B179C4700731AFD /* iAsync.utils.podspec */,
				2DA7788E1B179F3700731AFD /* Lib */,
				2DA778681B179BCE00731AFD /* iAsyncUtils */,
				2DA7787E1B179BCF00731AFD /* iAsyncUtilsTests */,
				2DA778671B179BCE00731AFD /* Products */,
			);
			sourceTree = "<group>";
		};
		2DA778671B179BCE00731AFD /* Products */ = {
			isa = PBXGroup;
			children = (
				2DA778661B179BCE00731AFD /* iAsyncUtils.app */,
				2DA7787B1B179BCF00731AFD /* iAsyncUtilsTests.xctest */,
			);
			name = Products;
			sourceTree = "<group>";
		};
		2DA778681B179BCE00731AFD /* iAsyncUtils */ = {
			isa = PBXGroup;
			children = (
				2DA7786B1B179BCE00731AFD /* AppDelegate.swift */,
				2DA7786D1B179BCE00731AFD /* ViewController.swift */,
				2DA7786F1B179BCF00731AFD /* Main.storyboard */,
				2DA778721B179BCF00731AFD /* Images.xcassets */,
				2DA778741B179BCF00731AFD /* LaunchScreen.xib */,
				2DA778691B179BCE00731AFD /* Supporting Files */,
			);
			path = iAsyncUtils;
			sourceTree = "<group>";
		};
		2DA778691B179BCE00731AFD /* Supporting Files */ = {
			isa = PBXGroup;
			children = (
				2DA7786A1B179BCE00731AFD /* Info.plist */,
			);
			name = "Supporting Files";
			sourceTree = "<group>";
		};
		2DA7787E1B179BCF00731AFD /* iAsyncUtilsTests */ = {
			isa = PBXGroup;
			children = (
				2DA778811B179BCF00731AFD /* iAsyncUtilsTests.swift */,
				2DA7787F1B179BCF00731AFD /* Supporting Files */,
			);
			path = iAsyncUtilsTests;
			sourceTree = "<group>";
		};
		2DA7787F1B179BCF00731AFD /* Supporting Files */ = {
			isa = PBXGroup;
			children = (
				2DA778801B179BCF00731AFD /* Info.plist */,
			);
			name = "Supporting Files";
			sourceTree = "<group>";
		};
		2DA7788E1B179F3700731AFD /* Lib */ = {
			isa = PBXGroup;
			children = (
				2DA7788F1B179F3700731AFD /* Array */,
				2DA778931B179F3700731AFD /* Blocks */,
				2DA778981B179F3700731AFD /* Details */,
				2DA7789A1B179F3700731AFD /* Dictionary */,
				2DA778A01B179F3700731AFD /* Errors */,
				2DA778A41B179F3700731AFD /* Extensions */,
				2DA778A81B179F3700731AFD /* JGCDAdditions.swift */,
				2DA778A91B179F3700731AFD /* JHelpers.swift */,
				2DA778AA1B179F3700731AFD /* JMutableAssignArray.swift */,
				2DA778AB1B179F3700731AFD /* JMutableAssignDictionary.swift */,
				2DA778AC1B179F3700731AFD /* JResult.swift */,
				2DA778AD1B179F3700731AFD /* JTimer.swift */,
				2DA778AE1B179F3700731AFD /* Logger */,
				2DA778B01B179F3700731AFD /* NSDate */,
				2DA778B21B179F3700731AFD /* NSObject */,
				2DA778B71B179F3700731AFD /* ObjCBridg */,
				2DA778BB1B179F3700731AFD /* OrderedSet */,
				2DA778BE1B179F3700731AFD /* Regex */,
				2DA778C01B179F3700731AFD /* SequenceType+Extensions.swift */,
				2DA778C11B179F3700731AFD /* Set */,
				2DA778C41B179F3700731AFD /* String */,
				2DA778FF1B179F7200731AFD /* iAsyncUtils-Bridging-Header.h */,
				2DA779031B179F9500731AFD /* iAsyncUtils-Bridging-Impl.m */,
			);
			path = Lib;
			sourceTree = "<group>";
		};
		2DA7788F1B179F3700731AFD /* Array */ = {
			isa = PBXGroup;
			children = (
				2DA778901B179F3700731AFD /* HashableArray.swift */,
				2DA778911B179F3700731AFD /* NSArray+BlocksAdditions.swift */,
				2DA778921B179F3700731AFD /* NSArray+NoThrowObjectAtIndex.swift */,
			);
			path = Array;
			sourceTree = "<group>";
		};
		2DA778931B179F3700731AFD /* Blocks */ = {
			isa = PBXGroup;
			children = (
				2DA778941B179F3700731AFD /* JContainersHelperBlocks.swift */,
				2DA778951B179F3700731AFD /* JOnDeallocBlockOwner.swift */,
				2DA778961B179F3700731AFD /* JSimpleBlockHolder.swift */,
				2DA778971B179F3700731AFD /* JUtilsBlockDefinitions.swift */,
			);
			path = Blocks;
			sourceTree = "<group>";
		};
		2DA778981B179F3700731AFD /* Details */ = {
			isa = PBXGroup;
			children = (
				2DA778991B179F3700731AFD /* JAssignObjectHolder.swift */,
			);
			path = Details;
			sourceTree = "<group>";
		};
		2DA7789A1B179F3700731AFD /* Dictionary */ = {
			isa = PBXGroup;
			children = (
				2DA7789B1B179F3700731AFD /* Dictionary+BlocksAdditions.swift */,
				2DA7789C1B179F3700731AFD /* HashableDictionary.swift */,
				2DA7789D1B179F3700731AFD /* JUDictionaryHelperBlocks.swift */,
				2DA7789E1B179F3700731AFD /* NSDictionary+BlocksAdditions.swift */,
				2DA7789F1B179F3700731AFD /* NSDictionary+JExtendedDictionary.swift */,
			);
			path = Dictionary;
			sourceTree = "<group>";
		};
		2DA778A01B179F3700731AFD /* Errors */ = {
			isa = PBXGroup;
			children = (
				2DA778A11B179F3700731AFD /* JError.swift */,
				2DA778A21B179F3700731AFD /* JSilentError.swift */,
				2DA778A31B179F3700731AFD /* NSError+WriteErrorToNSLog.swift */,
			);
			path = Errors;
			sourceTree = "<group>";
		};
		2DA778A41B179F3700731AFD /* Extensions */ = {
			isa = PBXGroup;
			children = (
				2DA778A51B179F3700731AFD /* NSData+ToString.swift */,
				2DA778A61B179F3700731AFD /* NSLocale+CurrentInterfaceLanguageCode.swift */,
				2DA778A71B179F3700731AFD /* NSNumber+FSStorable.swift */,
			);
			path = Extensions;
			sourceTree = "<group>";
		};
		2DA778AE1B179F3700731AFD /* Logger */ = {
			isa = PBXGroup;
			children = (
				2DA778AF1B179F3700731AFD /* JLogger.swift */,
			);
			path = Logger;
			sourceTree = "<group>";
		};
		2DA778B01B179F3700731AFD /* NSDate */ = {
			isa = PBXGroup;
			children = (
				2DA778B11B179F3700731AFD /* NSDate+Utils.swift */,
			);
			path = NSDate;
			sourceTree = "<group>";
		};
		2DA778B21B179F3700731AFD /* NSObject */ = {
			isa = PBXGroup;
			children = (
				2DA778B31B179F3700731AFD /* NSObject+NsNullAsNil.swift */,
				2DA778B41B179F3700731AFD /* NSObject+OnDeallocBlock.swift */,
				2DA778B51B179F3700731AFD /* NSObject+Ownerships.swift */,
				2DA778B61B179F3700731AFD /* NSObject+ToURL.swift */,
			);
			path = NSObject;
			sourceTree = "<group>";
		};
		2DA778B71B179F3700731AFD /* ObjCBridg */ = {
			isa = PBXGroup;
			children = (
				2DA778B81B179F3700731AFD /* JObjcMutableAssignArray.swift */,
				2DA778B91B179F3700731AFD /* JObjcMutableAssignDictionary.swift */,
				2DA778BA1B179F3700731AFD /* JObjcUtilsBlockDefinitions.swift */,
			);
			path = ObjCBridg;
			sourceTree = "<group>";
		};
		2DA778BB1B179F3700731AFD /* OrderedSet */ = {
			isa = PBXGroup;
			children = (
				2DA778BC1B179F3700731AFD /* NSOrderedSet+BlocksAdditions.swift */,
				2DA778BD1B179F3700731AFD /* NSOrderedSet+NoThrowObjectAtIndex.swift */,
			);
			path = OrderedSet;
			sourceTree = "<group>";
		};
		2DA778BE1B179F3700731AFD /* Regex */ = {
			isa = PBXGroup;
			children = (
				2DA778BF1B179F3700731AFD /* JRegex.swift */,
			);
			path = Regex;
			sourceTree = "<group>";
		};
		2DA778C11B179F3700731AFD /* Set */ = {
			isa = PBXGroup;
			children = (
				2DA778C21B179F3700731AFD /* NSMutableSet+StorableSet.swift */,
				2DA778C31B179F3700731AFD /* NSSet+BlocksAdditions.swift */,
			);
			path = Set;
			sourceTree = "<group>";
		};
		2DA778C41B179F3700731AFD /* String */ = {
			isa = PBXGroup;
			children = (
				2DA778C51B179F3700731AFD /* NSString+FileAttributes.swift */,
				2DA778C61B179F3700731AFD /* NSString+IsEmailValid.swift */,
				2DA778C71B179F3700731AFD /* NSString+LocalizedPrice.swift */,
				2DA778C81B179F3700731AFD /* NSString+PathExtensions.swift */,
				2DA778C91B179F3700731AFD /* NSString+PropertyName.swift */,
				2DA778CA1B179F3700731AFD /* NSString+Search.swift */,
				2DA778CB1B179F3700731AFD /* NSString+Trimm.swift */,
				2DA778CC1B179F3700731AFD /* String+toDouble.swift */,
				2DA778CD1B179F3700731AFD /* String+toURL.swift */,
			);
			path = String;
			sourceTree = "<group>";
		};
/* End PBXGroup section */

/* Begin PBXNativeTarget section */
		2DA778651B179BCE00731AFD /* iAsyncUtils */ = {
			isa = PBXNativeTarget;
			buildConfigurationList = 2DA778851B179BCF00731AFD /* Build configuration list for PBXNativeTarget "iAsyncUtils" */;
			buildPhases = (
				2DA778621B179BCE00731AFD /* Sources */,
				2DA778631B179BCE00731AFD /* Frameworks */,
				2DA778641B179BCE00731AFD /* Resources */,
			);
			buildRules = (
			);
			dependencies = (
			);
			name = iAsyncUtils;
			productName = iAsyncUtils;
			productReference = 2DA778661B179BCE00731AFD /* iAsyncUtils.app */;
			productType = "com.apple.product-type.application";
		};
		2DA7787A1B179BCF00731AFD /* iAsyncUtilsTests */ = {
			isa = PBXNativeTarget;
			buildConfigurationList = 2DA778881B179BCF00731AFD /* Build configuration list for PBXNativeTarget "iAsyncUtilsTests" */;
			buildPhases = (
				2DA778771B179BCF00731AFD /* Sources */,
				2DA778781B179BCF00731AFD /* Frameworks */,
				2DA778791B179BCF00731AFD /* Resources */,
			);
			buildRules = (
			);
			dependencies = (
				2DA7787D1B179BCF00731AFD /* PBXTargetDependency */,
			);
			name = iAsyncUtilsTests;
			productName = iAsyncUtilsTests;
			productReference = 2DA7787B1B179BCF00731AFD /* iAsyncUtilsTests.xctest */;
			productType = "com.apple.product-type.bundle.unit-test";
		};
/* End PBXNativeTarget section */

/* Begin PBXProject section */
		2DA7785E1B179BCE00731AFD /* Project object */ = {
			isa = PBXProject;
			attributes = {
				LastUpgradeCheck = 0630;
				ORGANIZATIONNAME = Volodymyr;
				TargetAttributes = {
					2DA778651B179BCE00731AFD = {
						CreatedOnToolsVersion = 6.3.2;
					};
					2DA7787A1B179BCF00731AFD = {
						CreatedOnToolsVersion = 6.3.2;
						TestTargetID = 2DA778651B179BCE00731AFD;
					};
				};
			};
			buildConfigurationList = 2DA778611B179BCE00731AFD /* Build configuration list for PBXProject "iAsyncUtils" */;
			compatibilityVersion = "Xcode 3.2";
			developmentRegion = English;
			hasScannedForEncodings = 0;
			knownRegions = (
				en,
				Base,
			);
			mainGroup = 2DA7785D1B179BCE00731AFD;
			productRefGroup = 2DA778671B179BCE00731AFD /* Products */;
			projectDirPath = "";
			projectRoot = "";
			targets = (
				2DA778651B179BCE00731AFD /* iAsyncUtils */,
				2DA7787A1B179BCF00731AFD /* iAsyncUtilsTests */,
			);
		};
/* End PBXProject section */

/* Begin PBXResourcesBuildPhase section */
		2DA778641B179BCE00731AFD /* Resources */ = {
			isa = PBXResourcesBuildPhase;
			buildActionMask = 2147483647;
			files = (
				2DA778711B179BCF00731AFD /* Main.storyboard in Resources */,
				2DA778761B179BCF00731AFD /* LaunchScreen.xib in Resources */,
				2DA778731B179BCF00731AFD /* Images.xcassets in Resources */,
			);
			runOnlyForDeploymentPostprocessing = 0;
		};
		2DA778791B179BCF00731AFD /* Resources */ = {
			isa = PBXResourcesBuildPhase;
			buildActionMask = 2147483647;
			files = (
			);
			runOnlyForDeploymentPostprocessing = 0;
		};
/* End PBXResourcesBuildPhase section */

/* Begin PBXSourcesBuildPhase section */
		2DA778621B179BCE00731AFD /* Sources */ = {
			isa = PBXSourcesBuildPhase;
			buildActionMask = 2147483647;
			files = (
				2DA778D81B179F3700731AFD /* JUDictionaryHelperBlocks.swift in Sources */,
				2DA778D41B179F3700731AFD /* JUtilsBlockDefinitions.swift in Sources */,
				2DA778D71B179F3700731AFD /* HashableDictionary.swift in Sources */,
				2DA778E41B179F3700731AFD /* JMutableAssignDictionary.swift in Sources */,
				2DA778DC1B179F3700731AFD /* JSilentError.swift in Sources */,
				2DA778EE1B179F3700731AFD /* JObjcMutableAssignDictionary.swift in Sources */,
				2DA778F61B179F3700731AFD /* NSString+FileAttributes.swift in Sources */,
				2DA778D31B179F3700731AFD /* JSimpleBlockHolder.swift in Sources */,
				2DA778CF1B179F3700731AFD /* NSArray+BlocksAdditions.swift in Sources */,
				2DA778E91B179F3700731AFD /* NSObject+NsNullAsNil.swift in Sources */,
				2DA778F51B179F3700731AFD /* NSSet+BlocksAdditions.swift in Sources */,
				2DA778ED1B179F3700731AFD /* JObjcMutableAssignArray.swift in Sources */,
				2DA778D61B179F3700731AFD /* Dictionary+BlocksAdditions.swift in Sources */,
				2DA778EB1B179F3700731AFD /* NSObject+Ownerships.swift in Sources */,
				2DA778EC1B179F3700731AFD /* NSObject+ToURL.swift in Sources */,
				2DA778CE1B179F3700731AFD /* HashableArray.swift in Sources */,
				2DA778F31B179F3700731AFD /* SequenceType+Extensions.swift in Sources */,
				2DA778F71B179F3700731AFD /* NSString+IsEmailValid.swift in Sources */,
				2DA778D51B179F3700731AFD /* JAssignObjectHolder.swift in Sources */,
				2DA778DE1B179F3700731AFD /* NSData+ToString.swift in Sources */,
				2DA778FE1B179F3700731AFD /* String+toURL.swift in Sources */,
				2DA778FD1B179F3700731AFD /* String+toDouble.swift in Sources */,
				2DA778E21B179F3700731AFD /* JHelpers.swift in Sources */,
				2DA778E81B179F3700731AFD /* NSDate+Utils.swift in Sources */,
				2DA778EF1B179F3700731AFD /* JObjcUtilsBlockDefinitions.swift in Sources */,
				2DA778D91B179F3700731AFD /* NSDictionary+BlocksAdditions.swift in Sources */,
				2DA778D21B179F3700731AFD /* JOnDeallocBlockOwner.swift in Sources */,
				2DA778FB1B179F3700731AFD /* NSString+Search.swift in Sources */,
				2DA778D01B179F3700731AFD /* NSArray+NoThrowObjectAtIndex.swift in Sources */,
				2DA778DB1B179F3700731AFD /* JError.swift in Sources */,
				2DA7786E1B179BCE00731AFD /* ViewController.swift in Sources */,
				2DA778FC1B179F3700731AFD /* NSString+Trimm.swift in Sources */,
				2DA778EA1B179F3700731AFD /* NSObject+OnDeallocBlock.swift in Sources */,
				2DA778F41B179F3700731AFD /* NSMutableSet+StorableSet.swift in Sources */,
				2DA779041B179F9500731AFD /* iAsyncUtils-Bridging-Impl.m in Sources */,
				2DA778E01B179F3700731AFD /* NSNumber+FSStorable.swift in Sources */,
				2DA778E71B179F3700731AFD /* JLogger.swift in Sources */,
				2DA778F01B179F3700731AFD /* NSOrderedSet+BlocksAdditions.swift in Sources */,
				2DA778D11B179F3700731AFD /* JContainersHelperBlocks.swift in Sources */,
				2DA778E11B179F3700731AFD /* JGCDAdditions.swift in Sources */,
				2DA778DD1B179F3700731AFD /* NSError+WriteErrorToNSLog.swift in Sources */,
				2DA778E31B179F3700731AFD /* JMutableAssignArray.swift in Sources */,
				2DA778F11B179F3700731AFD /* NSOrderedSet+NoThrowObjectAtIndex.swift in Sources */,
				2DA778FA1B179F3700731AFD /* NSString+PropertyName.swift in Sources */,
				2DA778E61B179F3700731AFD /* JTimer.swift in Sources */,
				2DA778DF1B179F3700731AFD /* NSLocale+CurrentInterfaceLanguageCode.swift in Sources */,
				2DA778E51B179F3700731AFD /* JResult.swift in Sources */,
				2DA778F81B179F3700731AFD /* NSString+LocalizedPrice.swift in Sources */,
				2DA778DA1B179F3700731AFD /* NSDictionary+JExtendedDictionary.swift in Sources */,
				2DA7786C1B179BCE00731AFD /* AppDelegate.swift in Sources */,
				2DA778F91B179F3700731AFD /* NSString+PathExtensions.swift in Sources */,
				2DA778F21B179F3700731AFD /* JRegex.swift in Sources */,
			);
			runOnlyForDeploymentPostprocessing = 0;
		};
		2DA778771B179BCF00731AFD /* Sources */ = {
			isa = PBXSourcesBuildPhase;
			buildActionMask = 2147483647;
			files = (
				2DA778821B179BCF00731AFD /* iAsyncUtilsTests.swift in Sources */,
			);
			runOnlyForDeploymentPostprocessing = 0;
		};
/* End PBXSourcesBuildPhase section */

/* Begin PBXTargetDependency section */
		2DA7787D1B179BCF00731AFD /* PBXTargetDependency */ = {
			isa = PBXTargetDependency;
			target = 2DA778651B179BCE00731AFD /* iAsyncUtils */;
			targetProxy = 2DA7787C1B179BCF00731AFD /* PBXContainerItemProxy */;
		};
/* End PBXTargetDependency section */

/* Begin PBXVariantGroup section */
		2DA7786F1B179BCF00731AFD /* Main.storyboard */ = {
			isa = PBXVariantGroup;
			children = (
				2DA778701B179BCF00731AFD /* Base */,
			);
			name = Main.storyboard;
			sourceTree = "<group>";
		};
		2DA778741B179BCF00731AFD /* LaunchScreen.xib */ = {
			isa = PBXVariantGroup;
			children = (
				2DA778751B179BCF00731AFD /* Base */,
			);
			name = LaunchScreen.xib;
			sourceTree = "<group>";
		};
/* End PBXVariantGroup section */

/* Begin XCBuildConfiguration section */
		2DA778831B179BCF00731AFD /* Debug */ = {
			isa = XCBuildConfiguration;
			buildSettings = {
				ALWAYS_SEARCH_USER_PATHS = NO;
				CLANG_CXX_LANGUAGE_STANDARD = "gnu++0x";
				CLANG_CXX_LIBRARY = "libc++";
				CLANG_ENABLE_MODULES = YES;
				CLANG_ENABLE_OBJC_ARC = YES;
				CLANG_WARN_BOOL_CONVERSION = YES;
				CLANG_WARN_CONSTANT_CONVERSION = YES;
				CLANG_WARN_DIRECT_OBJC_ISA_USAGE = YES_ERROR;
				CLANG_WARN_EMPTY_BODY = YES;
				CLANG_WARN_ENUM_CONVERSION = YES;
				CLANG_WARN_INT_CONVERSION = YES;
				CLANG_WARN_OBJC_ROOT_CLASS = YES_ERROR;
				CLANG_WARN_UNREACHABLE_CODE = YES;
				CLANG_WARN__DUPLICATE_METHOD_MATCH = YES;
				"CODE_SIGN_IDENTITY[sdk=iphoneos*]" = "iPhone Developer";
				COPY_PHASE_STRIP = NO;
				DEBUG_INFORMATION_FORMAT = "dwarf-with-dsym";
				ENABLE_STRICT_OBJC_MSGSEND = YES;
				GCC_C_LANGUAGE_STANDARD = gnu99;
				GCC_DYNAMIC_NO_PIC = NO;
				GCC_NO_COMMON_BLOCKS = YES;
				GCC_OPTIMIZATION_LEVEL = 0;
				GCC_PREPROCESSOR_DEFINITIONS = (
					"DEBUG=1",
					"$(inherited)",
				);
				GCC_SYMBOLS_PRIVATE_EXTERN = NO;
				GCC_WARN_64_TO_32_BIT_CONVERSION = YES;
				GCC_WARN_ABOUT_RETURN_TYPE = YES_ERROR;
				GCC_WARN_UNDECLARED_SELECTOR = YES;
				GCC_WARN_UNINITIALIZED_AUTOS = YES_AGGRESSIVE;
				GCC_WARN_UNUSED_FUNCTION = YES;
				GCC_WARN_UNUSED_VARIABLE = YES;
				IPHONEOS_DEPLOYMENT_TARGET = 8.0;
				MTL_ENABLE_DEBUG_INFO = YES;
				ONLY_ACTIVE_ARCH = YES;
				SDKROOT = iphoneos;
				SWIFT_OPTIMIZATION_LEVEL = "-Onone";
				TARGETED_DEVICE_FAMILY = "1,2";
			};
			name = Debug;
		};
		2DA778841B179BCF00731AFD /* Release */ = {
			isa = XCBuildConfiguration;
			buildSettings = {
				ALWAYS_SEARCH_USER_PATHS = NO;
				CLANG_CXX_LANGUAGE_STANDARD = "gnu++0x";
				CLANG_CXX_LIBRARY = "libc++";
				CLANG_ENABLE_MODULES = YES;
				CLANG_ENABLE_OBJC_ARC = YES;
				CLANG_WARN_BOOL_CONVERSION = YES;
				CLANG_WARN_CONSTANT_CONVERSION = YES;
				CLANG_WARN_DIRECT_OBJC_ISA_USAGE = YES_ERROR;
				CLANG_WARN_EMPTY_BODY = YES;
				CLANG_WARN_ENUM_CONVERSION = YES;
				CLANG_WARN_INT_CONVERSION = YES;
				CLANG_WARN_OBJC_ROOT_CLASS = YES_ERROR;
				CLANG_WARN_UNREACHABLE_CODE = YES;
				CLANG_WARN__DUPLICATE_METHOD_MATCH = YES;
				"CODE_SIGN_IDENTITY[sdk=iphoneos*]" = "iPhone Developer";
				COPY_PHASE_STRIP = NO;
				DEBUG_INFORMATION_FORMAT = "dwarf-with-dsym";
				ENABLE_NS_ASSERTIONS = NO;
				ENABLE_STRICT_OBJC_MSGSEND = YES;
				GCC_C_LANGUAGE_STANDARD = gnu99;
				GCC_NO_COMMON_BLOCKS = YES;
				GCC_WARN_64_TO_32_BIT_CONVERSION = YES;
				GCC_WARN_ABOUT_RETURN_TYPE = YES_ERROR;
				GCC_WARN_UNDECLARED_SELECTOR = YES;
				GCC_WARN_UNINITIALIZED_AUTOS = YES_AGGRESSIVE;
				GCC_WARN_UNUSED_FUNCTION = YES;
				GCC_WARN_UNUSED_VARIABLE = YES;
				IPHONEOS_DEPLOYMENT_TARGET = 8.0;
				MTL_ENABLE_DEBUG_INFO = NO;
				SDKROOT = iphoneos;
				TARGETED_DEVICE_FAMILY = "1,2";
				VALIDATE_PRODUCT = YES;
			};
			name = Release;
		};
		2DA778861B179BCF00731AFD /* Debug */ = {
			isa = XCBuildConfiguration;
			buildSettings = {
				ASSETCATALOG_COMPILER_APPICON_NAME = AppIcon;
				CLANG_ENABLE_MODULES = YES;
				INFOPLIST_FILE = iAsyncUtils/Info.plist;
				LD_RUNPATH_SEARCH_PATHS = "$(inherited) @executable_path/Frameworks";
				PRODUCT_NAME = "$(TARGET_NAME)";
				SWIFT_OBJC_BRIDGING_HEADER = "Lib/iAsyncUtils-Bridging-Header.h";
				SWIFT_OPTIMIZATION_LEVEL = "-Onone";
			};
			name = Debug;
		};
		2DA778871B179BCF00731AFD /* Release */ = {
			isa = XCBuildConfiguration;
			buildSettings = {
				ASSETCATALOG_COMPILER_APPICON_NAME = AppIcon;
				CLANG_ENABLE_MODULES = YES;
				INFOPLIST_FILE = iAsyncUtils/Info.plist;
				LD_RUNPATH_SEARCH_PATHS = "$(inherited) @executable_path/Frameworks";
				PRODUCT_NAME = "$(TARGET_NAME)";
				SWIFT_OBJC_BRIDGING_HEADER = "Lib/iAsyncUtils-Bridging-Header.h";
			};
			name = Release;
		};
		2DA778891B179BCF00731AFD /* Debug */ = {
			isa = XCBuildConfiguration;
			buildSettings = {
				BUNDLE_LOADER = "$(TEST_HOST)";
				FRAMEWORK_SEARCH_PATHS = (
					"$(SDKROOT)/Developer/Library/Frameworks",
					"$(inherited)",
				);
				GCC_PREPROCESSOR_DEFINITIONS = (
					"DEBUG=1",
					"$(inherited)",
				);
				INFOPLIST_FILE = iAsyncUtilsTests/Info.plist;
				LD_RUNPATH_SEARCH_PATHS = "$(inherited) @executable_path/Frameworks @loader_path/Frameworks";
				PRODUCT_NAME = "$(TARGET_NAME)";
				TEST_HOST = "$(BUILT_PRODUCTS_DIR)/iAsyncUtils.app/iAsyncUtils";
			};
			name = Debug;
		};
		2DA7788A1B179BCF00731AFD /* Release */ = {
			isa = XCBuildConfiguration;
			buildSettings = {
				BUNDLE_LOADER = "$(TEST_HOST)";
				FRAMEWORK_SEARCH_PATHS = (
					"$(SDKROOT)/Developer/Library/Frameworks",
					"$(inherited)",
				);
				INFOPLIST_FILE = iAsyncUtilsTests/Info.plist;
				LD_RUNPATH_SEARCH_PATHS = "$(inherited) @executable_path/Frameworks @loader_path/Frameworks";
				PRODUCT_NAME = "$(TARGET_NAME)";
				TEST_HOST = "$(BUILT_PRODUCTS_DIR)/iAsyncUtils.app/iAsyncUtils";
			};
			name = Release;
		};
/* End XCBuildConfiguration section */

/* Begin XCConfigurationList section */
		2DA778611B179BCE00731AFD /* Build configuration list for PBXProject "iAsyncUtils" */ = {
			isa = XCConfigurationList;
			buildConfigurations = (
				2DA778831B179BCF00731AFD /* Debug */,
				2DA778841B179BCF00731AFD /* Release */,
			);
			defaultConfigurationIsVisible = 0;
			defaultConfigurationName = Release;
		};
		2DA778851B179BCF00731AFD /* Build configuration list for PBXNativeTarget "iAsyncUtils" */ = {
			isa = XCConfigurationList;
			buildConfigurations = (
				2DA778861B179BCF00731AFD /* Debug */,
				2DA778871B179BCF00731AFD /* Release */,
			);
			defaultConfigurationIsVisible = 0;
			defaultConfigurationName = Release;
		};
		2DA778881B179BCF00731AFD /* Build configuration list for PBXNativeTarget "iAsyncUtilsTests" */ = {
			isa = XCConfigurationList;
			buildConfigurations = (
				2DA778891B179BCF00731AFD /* Debug */,
				2DA7788A1B179BCF00731AFD /* Release */,
			);
			defaultConfigurationIsVisible = 0;
			defaultConfigurationName = Release;
		};
/* End XCConfigurationList section */
	};
	rootObject = 2DA7785E1B179BCE00731AFD /* Project object */;
}
