// !$*UTF8*$!
{
	archiveVersion = 1;
	classes = {
	};
	objectVersion = 46;
	objects = {

/* Begin PBXBuildFile section */
		2DD8E72C1B1A5EE100E3BC5B /* AppDelegate.swift in Sources */ = {isa = PBXBuildFile; fileRef = 2DD8E72B1B1A5EE100E3BC5B /* AppDelegate.swift */; };
		2DD8E72E1B1A5EE100E3BC5B /* ViewController.swift in Sources */ = {isa = PBXBuildFile; fileRef = 2DD8E72D1B1A5EE100E3BC5B /* ViewController.swift */; };
		2DD8E7311B1A5EE100E3BC5B /* Main.storyboard in Resources */ = {isa = PBXBuildFile; fileRef = 2DD8E72F1B1A5EE100E3BC5B /* Main.storyboard */; };
		2DD8E7331B1A5EE100E3BC5B /* Images.xcassets in Resources */ = {isa = PBXBuildFile; fileRef = 2DD8E7321B1A5EE100E3BC5B /* Images.xcassets */; };
		2DD8E7361B1A5EE100E3BC5B /* LaunchScreen.xib in Resources */ = {isa = PBXBuildFile; fileRef = 2DD8E7341B1A5EE100E3BC5B /* LaunchScreen.xib */; };
		2DD8E7421B1A5EE100E3BC5B /* UtilsTests.swift in Sources */ = {isa = PBXBuildFile; fileRef = 2DD8E7411B1A5EE100E3BC5B /* UtilsTests.swift */; };
/* End PBXBuildFile section */

/* Begin PBXContainerItemProxy section */
		2DD8E73C1B1A5EE100E3BC5B /* PBXContainerItemProxy */ = {
			isa = PBXContainerItemProxy;
			containerPortal = 2DD8E71E1B1A5EE100E3BC5B /* Project object */;
			proxyType = 1;
			remoteGlobalIDString = 2DD8E7251B1A5EE100E3BC5B;
			remoteInfo = Utils;
		};
/* End PBXContainerItemProxy section */

/* Begin PBXFileReference section */
		2DD8E7261B1A5EE100E3BC5B /* Utils.app */ = {isa = PBXFileReference; explicitFileType = wrapper.application; includeInIndex = 0; path = Utils.app; sourceTree = BUILT_PRODUCTS_DIR; };
		2DD8E72A1B1A5EE100E3BC5B /* Info.plist */ = {isa = PBXFileReference; lastKnownFileType = text.plist.xml; path = Info.plist; sourceTree = "<group>"; };
		2DD8E72B1B1A5EE100E3BC5B /* AppDelegate.swift */ = {isa = PBXFileReference; lastKnownFileType = sourcecode.swift; path = AppDelegate.swift; sourceTree = "<group>"; };
		2DD8E72D1B1A5EE100E3BC5B /* ViewController.swift */ = {isa = PBXFileReference; lastKnownFileType = sourcecode.swift; path = ViewController.swift; sourceTree = "<group>"; };
		2DD8E7301B1A5EE100E3BC5B /* Base */ = {isa = PBXFileReference; lastKnownFileType = file.storyboard; name = Base; path = Base.lproj/Main.storyboard; sourceTree = "<group>"; };
		2DD8E7321B1A5EE100E3BC5B /* Images.xcassets */ = {isa = PBXFileReference; lastKnownFileType = folder.assetcatalog; path = Images.xcassets; sourceTree = "<group>"; };
		2DD8E7351B1A5EE100E3BC5B /* Base */ = {isa = PBXFileReference; lastKnownFileType = file.xib; name = Base; path = Base.lproj/LaunchScreen.xib; sourceTree = "<group>"; };
		2DD8E73B1B1A5EE100E3BC5B /* UtilsTests.xctest */ = {isa = PBXFileReference; explicitFileType = wrapper.cfbundle; includeInIndex = 0; path = UtilsTests.xctest; sourceTree = BUILT_PRODUCTS_DIR; };
		2DD8E7401B1A5EE100E3BC5B /* Info.plist */ = {isa = PBXFileReference; lastKnownFileType = text.plist.xml; path = Info.plist; sourceTree = "<group>"; };
		2DD8E7411B1A5EE100E3BC5B /* UtilsTests.swift */ = {isa = PBXFileReference; lastKnownFileType = sourcecode.swift; path = UtilsTests.swift; sourceTree = "<group>"; };
/* End PBXFileReference section */

/* Begin PBXFrameworksBuildPhase section */
		2DD8E7231B1A5EE100E3BC5B /* Frameworks */ = {
			isa = PBXFrameworksBuildPhase;
			buildActionMask = 2147483647;
			files = (
			);
			runOnlyForDeploymentPostprocessing = 0;
		};
		2DD8E7381B1A5EE100E3BC5B /* Frameworks */ = {
			isa = PBXFrameworksBuildPhase;
			buildActionMask = 2147483647;
			files = (
			);
			runOnlyForDeploymentPostprocessing = 0;
		};
/* End PBXFrameworksBuildPhase section */

/* Begin PBXGroup section */
		2DD8E71D1B1A5EE100E3BC5B = {
			isa = PBXGroup;
			children = (
				2DD8E7281B1A5EE100E3BC5B /* Utils */,
				2DD8E73E1B1A5EE100E3BC5B /* UtilsTests */,
				2DD8E7271B1A5EE100E3BC5B /* Products */,
			);
			sourceTree = "<group>";
		};
		2DD8E7271B1A5EE100E3BC5B /* Products */ = {
			isa = PBXGroup;
			children = (
				2DD8E7261B1A5EE100E3BC5B /* Utils.app */,
				2DD8E73B1B1A5EE100E3BC5B /* UtilsTests.xctest */,
			);
			name = Products;
			sourceTree = "<group>";
		};
		2DD8E7281B1A5EE100E3BC5B /* Utils */ = {
			isa = PBXGroup;
			children = (
				2DD8E72B1B1A5EE100E3BC5B /* AppDelegate.swift */,
				2DD8E72D1B1A5EE100E3BC5B /* ViewController.swift */,
				2DD8E72F1B1A5EE100E3BC5B /* Main.storyboard */,
				2DD8E7321B1A5EE100E3BC5B /* Images.xcassets */,
				2DD8E7341B1A5EE100E3BC5B /* LaunchScreen.xib */,
				2DD8E7291B1A5EE100E3BC5B /* Supporting Files */,
			);
			path = Utils;
			sourceTree = "<group>";
		};
		2DD8E7291B1A5EE100E3BC5B /* Supporting Files */ = {
			isa = PBXGroup;
			children = (
				2DD8E72A1B1A5EE100E3BC5B /* Info.plist */,
			);
			name = "Supporting Files";
			sourceTree = "<group>";
		};
		2DD8E73E1B1A5EE100E3BC5B /* UtilsTests */ = {
			isa = PBXGroup;
			children = (
				2DD8E7411B1A5EE100E3BC5B /* UtilsTests.swift */,
				2DD8E73F1B1A5EE100E3BC5B /* Supporting Files */,
			);
			path = UtilsTests;
			sourceTree = "<group>";
		};
		2DD8E73F1B1A5EE100E3BC5B /* Supporting Files */ = {
			isa = PBXGroup;
			children = (
				2DD8E7401B1A5EE100E3BC5B /* Info.plist */,
			);
			name = "Supporting Files";
			sourceTree = "<group>";
		};
/* End PBXGroup section */

/* Begin PBXNativeTarget section */
		2DD8E7251B1A5EE100E3BC5B /* Utils */ = {
			isa = PBXNativeTarget;
			buildConfigurationList = 2DD8E7451B1A5EE100E3BC5B /* Build configuration list for PBXNativeTarget "Utils" */;
			buildPhases = (
				2DD8E7221B1A5EE100E3BC5B /* Sources */,
				2DD8E7231B1A5EE100E3BC5B /* Frameworks */,
				2DD8E7241B1A5EE100E3BC5B /* Resources */,
			);
			buildRules = (
			);
			dependencies = (
			);
			name = Utils;
			productName = Utils;
			productReference = 2DD8E7261B1A5EE100E3BC5B /* Utils.app */;
			productType = "com.apple.product-type.application";
		};
		2DD8E73A1B1A5EE100E3BC5B /* UtilsTests */ = {
			isa = PBXNativeTarget;
			buildConfigurationList = 2DD8E7481B1A5EE100E3BC5B /* Build configuration list for PBXNativeTarget "UtilsTests" */;
			buildPhases = (
				2DD8E7371B1A5EE100E3BC5B /* Sources */,
				2DD8E7381B1A5EE100E3BC5B /* Frameworks */,
				2DD8E7391B1A5EE100E3BC5B /* Resources */,
			);
			buildRules = (
			);
			dependencies = (
				2DD8E73D1B1A5EE100E3BC5B /* PBXTargetDependency */,
			);
			name = UtilsTests;
			productName = UtilsTests;
			productReference = 2DD8E73B1B1A5EE100E3BC5B /* UtilsTests.xctest */;
			productType = "com.apple.product-type.bundle.unit-test";
		};
/* End PBXNativeTarget section */

/* Begin PBXProject section */
		2DD8E71E1B1A5EE100E3BC5B /* Project object */ = {
			isa = PBXProject;
			attributes = {
				LastUpgradeCheck = 0630;
				ORGANIZATIONNAME = Volodymyr;
				TargetAttributes = {
					2DD8E7251B1A5EE100E3BC5B = {
						CreatedOnToolsVersion = 6.3.2;
					};
					2DD8E73A1B1A5EE100E3BC5B = {
						CreatedOnToolsVersion = 6.3.2;
						TestTargetID = 2DD8E7251B1A5EE100E3BC5B;
					};
				};
			};
			buildConfigurationList = 2DD8E7211B1A5EE100E3BC5B /* Build configuration list for PBXProject "Utils" */;
			compatibilityVersion = "Xcode 3.2";
			developmentRegion = English;
			hasScannedForEncodings = 0;
			knownRegions = (
				en,
				Base,
			);
			mainGroup = 2DD8E71D1B1A5EE100E3BC5B;
			productRefGroup = 2DD8E7271B1A5EE100E3BC5B /* Products */;
			projectDirPath = "";
			projectRoot = "";
			targets = (
				2DD8E7251B1A5EE100E3BC5B /* Utils */,
				2DD8E73A1B1A5EE100E3BC5B /* UtilsTests */,
			);
		};
/* End PBXProject section */

/* Begin PBXResourcesBuildPhase section */
		2DD8E7241B1A5EE100E3BC5B /* Resources */ = {
			isa = PBXResourcesBuildPhase;
			buildActionMask = 2147483647;
			files = (
				2DD8E7311B1A5EE100E3BC5B /* Main.storyboard in Resources */,
				2DD8E7361B1A5EE100E3BC5B /* LaunchScreen.xib in Resources */,
				2DD8E7331B1A5EE100E3BC5B /* Images.xcassets in Resources */,
			);
			runOnlyForDeploymentPostprocessing = 0;
		};
		2DD8E7391B1A5EE100E3BC5B /* Resources */ = {
			isa = PBXResourcesBuildPhase;
			buildActionMask = 2147483647;
			files = (
			);
			runOnlyForDeploymentPostprocessing = 0;
		};
/* End PBXResourcesBuildPhase section */

/* Begin PBXSourcesBuildPhase section */
		2DD8E7221B1A5EE100E3BC5B /* Sources */ = {
			isa = PBXSourcesBuildPhase;
			buildActionMask = 2147483647;
			files = (
				2DD8E72E1B1A5EE100E3BC5B /* ViewController.swift in Sources */,
				2DD8E72C1B1A5EE100E3BC5B /* AppDelegate.swift in Sources */,
			);
			runOnlyForDeploymentPostprocessing = 0;
		};
		2DD8E7371B1A5EE100E3BC5B /* Sources */ = {
			isa = PBXSourcesBuildPhase;
			buildActionMask = 2147483647;
			files = (
				2DD8E7421B1A5EE100E3BC5B /* UtilsTests.swift in Sources */,
			);
			runOnlyForDeploymentPostprocessing = 0;
		};
/* End PBXSourcesBuildPhase section */

/* Begin PBXTargetDependency section */
		2DD8E73D1B1A5EE100E3BC5B /* PBXTargetDependency */ = {
			isa = PBXTargetDependency;
			target = 2DD8E7251B1A5EE100E3BC5B /* Utils */;
			targetProxy = 2DD8E73C1B1A5EE100E3BC5B /* PBXContainerItemProxy */;
		};
/* End PBXTargetDependency section */

/* Begin PBXVariantGroup section */
		2DD8E72F1B1A5EE100E3BC5B /* Main.storyboard */ = {
			isa = PBXVariantGroup;
			children = (
				2DD8E7301B1A5EE100E3BC5B /* Base */,
			);
			name = Main.storyboard;
			sourceTree = "<group>";
		};
		2DD8E7341B1A5EE100E3BC5B /* LaunchScreen.xib */ = {
			isa = PBXVariantGroup;
			children = (
				2DD8E7351B1A5EE100E3BC5B /* Base */,
			);
			name = LaunchScreen.xib;
			sourceTree = "<group>";
		};
/* End PBXVariantGroup section */

/* Begin XCBuildConfiguration section */
		2DD8E7431B1A5EE100E3BC5B /* Debug */ = {
			isa = XCBuildConfiguration;
			buildSettings = {
				ALWAYS_SEARCH_USER_PATHS = NO;
				CLANG_CXX_LANGUAGE_STANDARD = "gnu++0x";
				CLANG_CXX_LIBRARY = "libc++";
				CLANG_ENABLE_MODULES = YES;
				CLANG_ENABLE_OBJC_ARC = YES;
				CLANG_WARN_BOOL_CONVERSION = YES;
				CLANG_WARN_CONSTANT_CONVERSION = YES;
				CLANG_WARN_DIRECT_OBJC_ISA_USAGE = YES_ERROR;
				CLANG_WARN_EMPTY_BODY = YES;
				CLANG_WARN_ENUM_CONVERSION = YES;
				CLANG_WARN_INT_CONVERSION = YES;
				CLANG_WARN_OBJC_ROOT_CLASS = YES_ERROR;
				CLANG_WARN_UNREACHABLE_CODE = YES;
				CLANG_WARN__DUPLICATE_METHOD_MATCH = YES;
				"CODE_SIGN_IDENTITY[sdk=iphoneos*]" = "iPhone Developer";
				COPY_PHASE_STRIP = NO;
				DEBUG_INFORMATION_FORMAT = "dwarf-with-dsym";
				ENABLE_STRICT_OBJC_MSGSEND = YES;
				GCC_C_LANGUAGE_STANDARD = gnu99;
				GCC_DYNAMIC_NO_PIC = NO;
				GCC_NO_COMMON_BLOCKS = YES;
				GCC_OPTIMIZATION_LEVEL = 0;
				GCC_PREPROCESSOR_DEFINITIONS = (
					"DEBUG=1",
					"$(inherited)",
				);
				GCC_SYMBOLS_PRIVATE_EXTERN = NO;
				GCC_WARN_64_TO_32_BIT_CONVERSION = YES;
				GCC_WARN_ABOUT_RETURN_TYPE = YES_ERROR;
				GCC_WARN_UNDECLARED_SELECTOR = YES;
				GCC_WARN_UNINITIALIZED_AUTOS = YES_AGGRESSIVE;
				GCC_WARN_UNUSED_FUNCTION = YES;
				GCC_WARN_UNUSED_VARIABLE = YES;
				IPHONEOS_DEPLOYMENT_TARGET = 8.3;
				MTL_ENABLE_DEBUG_INFO = YES;
				ONLY_ACTIVE_ARCH = YES;
				SDKROOT = iphoneos;
				SWIFT_OPTIMIZATION_LEVEL = "-Onone";
				TARGETED_DEVICE_FAMILY = "1,2";
			};
			name = Debug;
		};
		2DD8E7441B1A5EE100E3BC5B /* Release */ = {
			isa = XCBuildConfiguration;
			buildSettings = {
				ALWAYS_SEARCH_USER_PATHS = NO;
				CLANG_CXX_LANGUAGE_STANDARD = "gnu++0x";
				CLANG_CXX_LIBRARY = "libc++";
				CLANG_ENABLE_MODULES = YES;
				CLANG_ENABLE_OBJC_ARC = YES;
				CLANG_WARN_BOOL_CONVERSION = YES;
				CLANG_WARN_CONSTANT_CONVERSION = YES;
				CLANG_WARN_DIRECT_OBJC_ISA_USAGE = YES_ERROR;
				CLANG_WARN_EMPTY_BODY = YES;
				CLANG_WARN_ENUM_CONVERSION = YES;
				CLANG_WARN_INT_CONVERSION = YES;
				CLANG_WARN_OBJC_ROOT_CLASS = YES_ERROR;
				CLANG_WARN_UNREACHABLE_CODE = YES;
				CLANG_WARN__DUPLICATE_METHOD_MATCH = YES;
				"CODE_SIGN_IDENTITY[sdk=iphoneos*]" = "iPhone Developer";
				COPY_PHASE_STRIP = NO;
				DEBUG_INFORMATION_FORMAT = "dwarf-with-dsym";
				ENABLE_NS_ASSERTIONS = NO;
				ENABLE_STRICT_OBJC_MSGSEND = YES;
				GCC_C_LANGUAGE_STANDARD = gnu99;
				GCC_NO_COMMON_BLOCKS = YES;
				GCC_WARN_64_TO_32_BIT_CONVERSION = YES;
				GCC_WARN_ABOUT_RETURN_TYPE = YES_ERROR;
				GCC_WARN_UNDECLARED_SELECTOR = YES;
				GCC_WARN_UNINITIALIZED_AUTOS = YES_AGGRESSIVE;
				GCC_WARN_UNUSED_FUNCTION = YES;
				GCC_WARN_UNUSED_VARIABLE = YES;
				IPHONEOS_DEPLOYMENT_TARGET = 8.3;
				MTL_ENABLE_DEBUG_INFO = NO;
				SDKROOT = iphoneos;
				TARGETED_DEVICE_FAMILY = "1,2";
				VALIDATE_PRODUCT = YES;
			};
			name = Release;
		};
		2DD8E7461B1A5EE100E3BC5B /* Debug */ = {
			isa = XCBuildConfiguration;
			buildSettings = {
				ASSETCATALOG_COMPILER_APPICON_NAME = AppIcon;
				INFOPLIST_FILE = Utils/Info.plist;
				LD_RUNPATH_SEARCH_PATHS = "$(inherited) @executable_path/Frameworks";
				PRODUCT_NAME = "$(TARGET_NAME)";
			};
			name = Debug;
		};
		2DD8E7471B1A5EE100E3BC5B /* Release */ = {
			isa = XCBuildConfiguration;
			buildSettings = {
				ASSETCATALOG_COMPILER_APPICON_NAME = AppIcon;
				INFOPLIST_FILE = Utils/Info.plist;
				LD_RUNPATH_SEARCH_PATHS = "$(inherited) @executable_path/Frameworks";
				PRODUCT_NAME = "$(TARGET_NAME)";
			};
			name = Release;
		};
		2DD8E7491B1A5EE100E3BC5B /* Debug */ = {
			isa = XCBuildConfiguration;
			buildSettings = {
				BUNDLE_LOADER = "$(TEST_HOST)";
				FRAMEWORK_SEARCH_PATHS = (
					"$(SDKROOT)/Developer/Library/Frameworks",
					"$(inherited)",
				);
				GCC_PREPROCESSOR_DEFINITIONS = (
					"DEBUG=1",
					"$(inherited)",
				);
				INFOPLIST_FILE = UtilsTests/Info.plist;
				LD_RUNPATH_SEARCH_PATHS = "$(inherited) @executable_path/Frameworks @loader_path/Frameworks";
				PRODUCT_NAME = "$(TARGET_NAME)";
				TEST_HOST = "$(BUILT_PRODUCTS_DIR)/Utils.app/Utils";
			};
			name = Debug;
		};
		2DD8E74A1B1A5EE100E3BC5B /* Release */ = {
			isa = XCBuildConfiguration;
			buildSettings = {
				BUNDLE_LOADER = "$(TEST_HOST)";
				FRAMEWORK_SEARCH_PATHS = (
					"$(SDKROOT)/Developer/Library/Frameworks",
					"$(inherited)",
				);
				INFOPLIST_FILE = UtilsTests/Info.plist;
				LD_RUNPATH_SEARCH_PATHS = "$(inherited) @executable_path/Frameworks @loader_path/Frameworks";
				PRODUCT_NAME = "$(TARGET_NAME)";
				TEST_HOST = "$(BUILT_PRODUCTS_DIR)/Utils.app/Utils";
			};
			name = Release;
		};
/* End XCBuildConfiguration section */

/* Begin XCConfigurationList section */
		2DD8E7211B1A5EE100E3BC5B /* Build configuration list for PBXProject "Utils" */ = {
			isa = XCConfigurationList;
			buildConfigurations = (
				2DD8E7431B1A5EE100E3BC5B /* Debug */,
				2DD8E7441B1A5EE100E3BC5B /* Release */,
			);
			defaultConfigurationIsVisible = 0;
			defaultConfigurationName = Release;
		};
		2DD8E7451B1A5EE100E3BC5B /* Build configuration list for PBXNativeTarget "Utils" */ = {
			isa = XCConfigurationList;
			buildConfigurations = (
				2DD8E7461B1A5EE100E3BC5B /* Debug */,
				2DD8E7471B1A5EE100E3BC5B /* Release */,
			);
			defaultConfigurationIsVisible = 0;
		};
		2DD8E7481B1A5EE100E3BC5B /* Build configuration list for PBXNativeTarget "UtilsTests" */ = {
			isa = XCConfigurationList;
			buildConfigurations = (
				2DD8E7491B1A5EE100E3BC5B /* Debug */,
				2DD8E74A1B1A5EE100E3BC5B /* Release */,
			);
			defaultConfigurationIsVisible = 0;
		};
/* End XCConfigurationList section */
	};
	rootObject = 2DD8E71E1B1A5EE100E3BC5B /* Project object */;
}
